
Microsoft Visual Studio Solution File, Format Version 12.00
# Visual Studio Version 17
VisualStudioVersion = 17.0.32014.148
MinimumVisualStudioVersion = 10.0.40219.1
Project("{FAE04EC0-301F-11D3-BF4B-00C04F79EFBC}") = "linq2db-3632-problem", "linq2db-3632-problem.csproj", "{03172874-51C7-4430-9856-FDE4851F9F5E}"
EndProject
Global
	GlobalSection(SolutionConfigurationPlatforms) = preSolution
		Debug|Any CPU = Debug|Any CPU
		Release|Any CPU = Release|Any CPU
	EndGlobalSection
	GlobalSection(ProjectConfigurationPlatforms) = postSolution
		{03172874-51C7-4430-9856-FDE4851F9F5E}.Debug|Any CPU.ActiveCfg = Debug|Any CPU
		{03172874-51C7-4430-9856-FDE4851F9F5E}.Debug|Any CPU.Build.0 = Debug|Any CPU
		{03172874-51C7-4430-9856-FDE4851F9F5E}.Release|Any CPU.ActiveCfg = Release|Any CPU
		{03172874-51C7-4430-9856-FDE4851F9F5E}.Release|Any CPU.Build.0 = Release|Any CPU
	EndGlobalSection
	GlobalSection(SolutionProperties) = preSolution
		HideSolutionNode = FALSE
	EndGlobalSection
	GlobalSection(ExtensibilityGlobals) = postSolution
		SolutionGuid = {D4F3F9E0-5007-4E39-BD77-36E86DEA3A9E}
	EndGlobalSection
EndGlobal
